
Microsoft Visual Studio Solution File, Format Version 12.00
# Visual Studio Version 16
VisualStudioVersion = 16.0.28721.148
MinimumVisualStudioVersion = 10.0.40219.1
Project("{9A19103F-16F7-4668-BE54-9A1E7A4F7556}") = "SentimentWeb.Service", "SentimentWeb.Service\SentimentWeb.Service.csproj", "{ABB50302-90FD-4F59-AEF2-FC77B28C0331}"
EndProject
Project("{9A19103F-16F7-4668-BE54-9A1E7A4F7556}") = "SentimentML.Model", "SentimentML.Model\SentimentML.Model.csproj", "{EB7BCB5B-242B-4860-ABCA-079615F60C14}"
EndProject
Project("{9A19103F-16F7-4668-BE54-9A1E7A4F7556}") = "ml.train", "ml.train\ml.train.csproj", "{7460B538-103D-4291-B088-A42B4962807E}"
EndProject
Project("{9A19103F-16F7-4668-BE54-9A1E7A4F7556}") = "LanguageML.Model", "LanguageML.Model\LanguageML.Model.csproj", "{8A546AF2-E5A0-4F6B-8BC6-A63B74799B03}"
EndProject
Project("{9A19103F-16F7-4668-BE54-9A1E7A4F7556}") = "AFE.ServiceML.ConsoleApp", "AFE.ServiceML.ConsoleApp\AFE.ServiceML.ConsoleApp.csproj", "{2B1C6A38-5689-4BE5-B36A-31D00892CABE}"
EndProject
Global
	GlobalSection(SolutionConfigurationPlatforms) = preSolution
		Debug|Any CPU = Debug|Any CPU
		Release|Any CPU = Release|Any CPU
	EndGlobalSection
	GlobalSection(ProjectConfigurationPlatforms) = postSolution
		{ABB50302-90FD-4F59-AEF2-FC77B28C0331}.Debug|Any CPU.ActiveCfg = Debug|Any CPU
		{ABB50302-90FD-4F59-AEF2-FC77B28C0331}.Debug|Any CPU.Build.0 = Debug|Any CPU
		{ABB50302-90FD-4F59-AEF2-FC77B28C0331}.Release|Any CPU.ActiveCfg = Release|Any CPU
		{ABB50302-90FD-4F59-AEF2-FC77B28C0331}.Release|Any CPU.Build.0 = Release|Any CPU
		{EB7BCB5B-242B-4860-ABCA-079615F60C14}.Debug|Any CPU.ActiveCfg = Debug|Any CPU
		{EB7BCB5B-242B-4860-ABCA-079615F60C14}.Debug|Any CPU.Build.0 = Debug|Any CPU
		{EB7BCB5B-242B-4860-ABCA-079615F60C14}.Release|Any CPU.ActiveCfg = Release|Any CPU
		{EB7BCB5B-242B-4860-ABCA-079615F60C14}.Release|Any CPU.Build.0 = Release|Any CPU
		{7460B538-103D-4291-B088-A42B4962807E}.Debug|Any CPU.ActiveCfg = Debug|Any CPU
		{7460B538-103D-4291-B088-A42B4962807E}.Debug|Any CPU.Build.0 = Debug|Any CPU
		{7460B538-103D-4291-B088-A42B4962807E}.Release|Any CPU.ActiveCfg = Release|Any CPU
		{7460B538-103D-4291-B088-A42B4962807E}.Release|Any CPU.Build.0 = Release|Any CPU
		{8A546AF2-E5A0-4F6B-8BC6-A63B74799B03}.Debug|Any CPU.ActiveCfg = Debug|Any CPU
		{8A546AF2-E5A0-4F6B-8BC6-A63B74799B03}.Debug|Any CPU.Build.0 = Debug|Any CPU
		{8A546AF2-E5A0-4F6B-8BC6-A63B74799B03}.Release|Any CPU.ActiveCfg = Release|Any CPU
		{8A546AF2-E5A0-4F6B-8BC6-A63B74799B03}.Release|Any CPU.Build.0 = Release|Any CPU
		{2B1C6A38-5689-4BE5-B36A-31D00892CABE}.Debug|Any CPU.ActiveCfg = Debug|Any CPU
		{2B1C6A38-5689-4BE5-B36A-31D00892CABE}.Debug|Any CPU.Build.0 = Debug|Any CPU
		{2B1C6A38-5689-4BE5-B36A-31D00892CABE}.Release|Any CPU.ActiveCfg = Release|Any CPU
		{2B1C6A38-5689-4BE5-B36A-31D00892CABE}.Release|Any CPU.Build.0 = Release|Any CPU
	EndGlobalSection
	GlobalSection(SolutionProperties) = preSolution
		HideSolutionNode = FALSE
	EndGlobalSection
	GlobalSection(ExtensibilityGlobals) = postSolution
		SolutionGuid = {77AF9416-AC96-4DFC-AF14-4755917F08FF}
	EndGlobalSection
EndGlobal
