
Microsoft Visual Studio Solution File, Format Version 12.00
# Visual Studio 15
VisualStudioVersion = 15.0.28307.1022
MinimumVisualStudioVersion = 10.0.40219.1
Project("{00D1A9C2-B5F0-4AF3-8072-F6C62B433612}") = "Uinversity.DB", "Uinversity.DB\Uinversity.DB.sqlproj", "{45193B83-7EED-4111-B5A5-00953ADB3E08}"
EndProject
Global
	GlobalSection(SolutionConfigurationPlatforms) = preSolution
		Debug|Any CPU = Debug|Any CPU
		Release|Any CPU = Release|Any CPU
	EndGlobalSection
	GlobalSection(ProjectConfigurationPlatforms) = postSolution
		{45193B83-7EED-4111-B5A5-00953ADB3E08}.Debug|Any CPU.ActiveCfg = Debug|Any CPU
		{45193B83-7EED-4111-B5A5-00953ADB3E08}.Debug|Any CPU.Build.0 = Debug|Any CPU
		{45193B83-7EED-4111-B5A5-00953ADB3E08}.Debug|Any CPU.Deploy.0 = Debug|Any CPU
		{45193B83-7EED-4111-B5A5-00953ADB3E08}.Release|Any CPU.ActiveCfg = Release|Any CPU
		{45193B83-7EED-4111-B5A5-00953ADB3E08}.Release|Any CPU.Build.0 = Release|Any CPU
		{45193B83-7EED-4111-B5A5-00953ADB3E08}.Release|Any CPU.Deploy.0 = Release|Any CPU
	EndGlobalSection
	GlobalSection(SolutionProperties) = preSolution
		HideSolutionNode = FALSE
	EndGlobalSection
	GlobalSection(ExtensibilityGlobals) = postSolution
		SolutionGuid = {7143242C-0355-4B64-9AF0-9B1AB46EC59E}
	EndGlobalSection
EndGlobal
